
Microsoft Visual Studio Solution File, Format Version 12.00
# Visual Studio 15
VisualStudioVersion = 15.0.28307.106
MinimumVisualStudioVersion = 10.0.40219.1
Project("{FAE04EC0-301F-11D3-BF4B-00C04F79EFBC}") = "Ex04.10", "Ex04.10\Ex04.10.csproj", "{3269B14A-3D56-41C7-8792-A0DC099221F5}"
EndProject
Global
	GlobalSection(SolutionConfigurationPlatforms) = preSolution
		Debug|Any CPU = Debug|Any CPU
		Release|Any CPU = Release|Any CPU
	EndGlobalSection
	GlobalSection(ProjectConfigurationPlatforms) = postSolution
		{3269B14A-3D56-41C7-8792-A0DC099221F5}.Debug|Any CPU.ActiveCfg = Debug|Any CPU
		{3269B14A-3D56-41C7-8792-A0DC099221F5}.Debug|Any CPU.Build.0 = Debug|Any CPU
		{3269B14A-3D56-41C7-8792-A0DC099221F5}.Release|Any CPU.ActiveCfg = Release|Any CPU
		{3269B14A-3D56-41C7-8792-A0DC099221F5}.Release|Any CPU.Build.0 = Release|Any CPU
	EndGlobalSection
	GlobalSection(SolutionProperties) = preSolution
		HideSolutionNode = FALSE
	EndGlobalSection
	GlobalSection(ExtensibilityGlobals) = postSolution
		SolutionGuid = {96333B71-A418-45AB-B9CA-F9228B55A3CE}
	EndGlobalSection
EndGlobal
