
Microsoft Visual Studio Solution File, Format Version 12.00
# Visual Studio 15
VisualStudioVersion = 15.0.28307.106
MinimumVisualStudioVersion = 10.0.40219.1
Project("{FAE04EC0-301F-11D3-BF4B-00C04F79EFBC}") = "Ex01.10", "Ex01.10\Ex01.10.csproj", "{6FB510B1-49B6-4FE9-8D78-89A50BE17E4D}"
EndProject
Global
	GlobalSection(SolutionConfigurationPlatforms) = preSolution
		Debug|Any CPU = Debug|Any CPU
		Release|Any CPU = Release|Any CPU
	EndGlobalSection
	GlobalSection(ProjectConfigurationPlatforms) = postSolution
		{6FB510B1-49B6-4FE9-8D78-89A50BE17E4D}.Debug|Any CPU.ActiveCfg = Debug|Any CPU
		{6FB510B1-49B6-4FE9-8D78-89A50BE17E4D}.Debug|Any CPU.Build.0 = Debug|Any CPU
		{6FB510B1-49B6-4FE9-8D78-89A50BE17E4D}.Release|Any CPU.ActiveCfg = Release|Any CPU
		{6FB510B1-49B6-4FE9-8D78-89A50BE17E4D}.Release|Any CPU.Build.0 = Release|Any CPU
	EndGlobalSection
	GlobalSection(SolutionProperties) = preSolution
		HideSolutionNode = FALSE
	EndGlobalSection
	GlobalSection(ExtensibilityGlobals) = postSolution
		SolutionGuid = {BA807895-FCB2-4190-8DEC-B0031ADB2B4F}
	EndGlobalSection
EndGlobal
