
Microsoft Visual Studio Solution File, Format Version 12.00
# Visual Studio 15
VisualStudioVersion = 15.0.28307.106
MinimumVisualStudioVersion = 10.0.40219.1
Project("{FAE04EC0-301F-11D3-BF4B-00C04F79EFBC}") = "Ex04.15", "Ex04.15\Ex04.15.csproj", "{F978D8A1-BB6E-4F49-9603-CD8288B72F7C}"
EndProject
Global
	GlobalSection(SolutionConfigurationPlatforms) = preSolution
		Debug|Any CPU = Debug|Any CPU
		Release|Any CPU = Release|Any CPU
	EndGlobalSection
	GlobalSection(ProjectConfigurationPlatforms) = postSolution
		{F978D8A1-BB6E-4F49-9603-CD8288B72F7C}.Debug|Any CPU.ActiveCfg = Debug|Any CPU
		{F978D8A1-BB6E-4F49-9603-CD8288B72F7C}.Debug|Any CPU.Build.0 = Debug|Any CPU
		{F978D8A1-BB6E-4F49-9603-CD8288B72F7C}.Release|Any CPU.ActiveCfg = Release|Any CPU
		{F978D8A1-BB6E-4F49-9603-CD8288B72F7C}.Release|Any CPU.Build.0 = Release|Any CPU
	EndGlobalSection
	GlobalSection(SolutionProperties) = preSolution
		HideSolutionNode = FALSE
	EndGlobalSection
	GlobalSection(ExtensibilityGlobals) = postSolution
		SolutionGuid = {5E24D3B3-C3D3-4165-BAE6-C3227C53A9DD}
	EndGlobalSection
EndGlobal
