
Microsoft Visual Studio Solution File, Format Version 12.00
# Visual Studio 15
VisualStudioVersion = 15.0.28307.106
MinimumVisualStudioVersion = 10.0.40219.1
Project("{FAE04EC0-301F-11D3-BF4B-00C04F79EFBC}") = "Ex04.05", "Ex04.05\Ex04.05.csproj", "{87BBEA58-E4AD-4CF0-8E81-34AC461249B1}"
EndProject
Global
	GlobalSection(SolutionConfigurationPlatforms) = preSolution
		Debug|Any CPU = Debug|Any CPU
		Release|Any CPU = Release|Any CPU
	EndGlobalSection
	GlobalSection(ProjectConfigurationPlatforms) = postSolution
		{87BBEA58-E4AD-4CF0-8E81-34AC461249B1}.Debug|Any CPU.ActiveCfg = Debug|Any CPU
		{87BBEA58-E4AD-4CF0-8E81-34AC461249B1}.Debug|Any CPU.Build.0 = Debug|Any CPU
		{87BBEA58-E4AD-4CF0-8E81-34AC461249B1}.Release|Any CPU.ActiveCfg = Release|Any CPU
		{87BBEA58-E4AD-4CF0-8E81-34AC461249B1}.Release|Any CPU.Build.0 = Release|Any CPU
	EndGlobalSection
	GlobalSection(SolutionProperties) = preSolution
		HideSolutionNode = FALSE
	EndGlobalSection
	GlobalSection(ExtensibilityGlobals) = postSolution
		SolutionGuid = {D05397B0-D5E0-4EA2-83F1-7D54533F43A2}
	EndGlobalSection
EndGlobal
