
Microsoft Visual Studio Solution File, Format Version 12.00
# Visual Studio 15
VisualStudioVersion = 15.0.28307.106
MinimumVisualStudioVersion = 10.0.40219.1
Project("{FAE04EC0-301F-11D3-BF4B-00C04F79EFBC}") = "Ex07.01", "Ex07.01\Ex07.01.csproj", "{6DD1D192-387D-407A-9C4B-26DCEC5EAA26}"
EndProject
Global
	GlobalSection(SolutionConfigurationPlatforms) = preSolution
		Debug|Any CPU = Debug|Any CPU
		Release|Any CPU = Release|Any CPU
	EndGlobalSection
	GlobalSection(ProjectConfigurationPlatforms) = postSolution
		{6DD1D192-387D-407A-9C4B-26DCEC5EAA26}.Debug|Any CPU.ActiveCfg = Debug|Any CPU
		{6DD1D192-387D-407A-9C4B-26DCEC5EAA26}.Debug|Any CPU.Build.0 = Debug|Any CPU
		{6DD1D192-387D-407A-9C4B-26DCEC5EAA26}.Release|Any CPU.ActiveCfg = Release|Any CPU
		{6DD1D192-387D-407A-9C4B-26DCEC5EAA26}.Release|Any CPU.Build.0 = Release|Any CPU
	EndGlobalSection
	GlobalSection(SolutionProperties) = preSolution
		HideSolutionNode = FALSE
	EndGlobalSection
	GlobalSection(ExtensibilityGlobals) = postSolution
		SolutionGuid = {F06B3541-906C-4EC8-A79A-48F3D10F0579}
	EndGlobalSection
EndGlobal
