
Microsoft Visual Studio Solution File, Format Version 12.00
# Visual Studio 15
VisualStudioVersion = 15.0.28307.106
MinimumVisualStudioVersion = 10.0.40219.1
Project("{FAE04EC0-301F-11D3-BF4B-00C04F79EFBC}") = "Ex03.08", "Ex03.08\Ex03.08.csproj", "{15A6E293-BA0C-4007-93E2-F885AAB350A9}"
EndProject
Global
	GlobalSection(SolutionConfigurationPlatforms) = preSolution
		Debug|Any CPU = Debug|Any CPU
		Release|Any CPU = Release|Any CPU
	EndGlobalSection
	GlobalSection(ProjectConfigurationPlatforms) = postSolution
		{15A6E293-BA0C-4007-93E2-F885AAB350A9}.Debug|Any CPU.ActiveCfg = Debug|Any CPU
		{15A6E293-BA0C-4007-93E2-F885AAB350A9}.Debug|Any CPU.Build.0 = Debug|Any CPU
		{15A6E293-BA0C-4007-93E2-F885AAB350A9}.Release|Any CPU.ActiveCfg = Release|Any CPU
		{15A6E293-BA0C-4007-93E2-F885AAB350A9}.Release|Any CPU.Build.0 = Release|Any CPU
	EndGlobalSection
	GlobalSection(SolutionProperties) = preSolution
		HideSolutionNode = FALSE
	EndGlobalSection
	GlobalSection(ExtensibilityGlobals) = postSolution
		SolutionGuid = {B139CD2B-78A1-4782-959F-7D1E60FDCE50}
	EndGlobalSection
EndGlobal
