
Microsoft Visual Studio Solution File, Format Version 12.00
# Visual Studio 15
VisualStudioVersion = 15.0.28307.106
MinimumVisualStudioVersion = 10.0.40219.1
Project("{FAE04EC0-301F-11D3-BF4B-00C04F79EFBC}") = "Ex04.09", "Ex04.09\Ex04.09.csproj", "{C684FF5B-47F0-4FBE-9BF2-D9ABF08B3792}"
EndProject
Global
	GlobalSection(SolutionConfigurationPlatforms) = preSolution
		Debug|Any CPU = Debug|Any CPU
		Release|Any CPU = Release|Any CPU
	EndGlobalSection
	GlobalSection(ProjectConfigurationPlatforms) = postSolution
		{C684FF5B-47F0-4FBE-9BF2-D9ABF08B3792}.Debug|Any CPU.ActiveCfg = Debug|Any CPU
		{C684FF5B-47F0-4FBE-9BF2-D9ABF08B3792}.Debug|Any CPU.Build.0 = Debug|Any CPU
		{C684FF5B-47F0-4FBE-9BF2-D9ABF08B3792}.Release|Any CPU.ActiveCfg = Release|Any CPU
		{C684FF5B-47F0-4FBE-9BF2-D9ABF08B3792}.Release|Any CPU.Build.0 = Release|Any CPU
	EndGlobalSection
	GlobalSection(SolutionProperties) = preSolution
		HideSolutionNode = FALSE
	EndGlobalSection
	GlobalSection(ExtensibilityGlobals) = postSolution
		SolutionGuid = {AF46A166-888F-49C8-A9AE-5892913B607E}
	EndGlobalSection
EndGlobal
