
Microsoft Visual Studio Solution File, Format Version 12.00
# Visual Studio 15
VisualStudioVersion = 15.0.28307.106
MinimumVisualStudioVersion = 10.0.40219.1
Project("{FAE04EC0-301F-11D3-BF4B-00C04F79EFBC}") = "Ex02.07", "Ex02.07\Ex02.07.csproj", "{4F5E8C97-A352-4BC0-AAFB-E11D7F079D4E}"
EndProject
Global
	GlobalSection(SolutionConfigurationPlatforms) = preSolution
		Debug|Any CPU = Debug|Any CPU
		Release|Any CPU = Release|Any CPU
	EndGlobalSection
	GlobalSection(ProjectConfigurationPlatforms) = postSolution
		{4F5E8C97-A352-4BC0-AAFB-E11D7F079D4E}.Debug|Any CPU.ActiveCfg = Debug|Any CPU
		{4F5E8C97-A352-4BC0-AAFB-E11D7F079D4E}.Debug|Any CPU.Build.0 = Debug|Any CPU
		{4F5E8C97-A352-4BC0-AAFB-E11D7F079D4E}.Release|Any CPU.ActiveCfg = Release|Any CPU
		{4F5E8C97-A352-4BC0-AAFB-E11D7F079D4E}.Release|Any CPU.Build.0 = Release|Any CPU
	EndGlobalSection
	GlobalSection(SolutionProperties) = preSolution
		HideSolutionNode = FALSE
	EndGlobalSection
	GlobalSection(ExtensibilityGlobals) = postSolution
		SolutionGuid = {A8B02F91-1281-4572-A02E-A44B02241D16}
	EndGlobalSection
EndGlobal
