
Microsoft Visual Studio Solution File, Format Version 12.00
# Visual Studio 15
VisualStudioVersion = 15.0.28307.106
MinimumVisualStudioVersion = 10.0.40219.1
Project("{FAE04EC0-301F-11D3-BF4B-00C04F79EFBC}") = "Ex02.08", "Ex02.08\Ex02.08.csproj", "{5438D8AA-ECB3-462B-9527-26EC212F972B}"
EndProject
Global
	GlobalSection(SolutionConfigurationPlatforms) = preSolution
		Debug|Any CPU = Debug|Any CPU
		Release|Any CPU = Release|Any CPU
	EndGlobalSection
	GlobalSection(ProjectConfigurationPlatforms) = postSolution
		{5438D8AA-ECB3-462B-9527-26EC212F972B}.Debug|Any CPU.ActiveCfg = Debug|Any CPU
		{5438D8AA-ECB3-462B-9527-26EC212F972B}.Debug|Any CPU.Build.0 = Debug|Any CPU
		{5438D8AA-ECB3-462B-9527-26EC212F972B}.Release|Any CPU.ActiveCfg = Release|Any CPU
		{5438D8AA-ECB3-462B-9527-26EC212F972B}.Release|Any CPU.Build.0 = Release|Any CPU
	EndGlobalSection
	GlobalSection(SolutionProperties) = preSolution
		HideSolutionNode = FALSE
	EndGlobalSection
	GlobalSection(ExtensibilityGlobals) = postSolution
		SolutionGuid = {446D096E-747D-48AE-83EA-68DFD36C5D7F}
	EndGlobalSection
EndGlobal
