
Microsoft Visual Studio Solution File, Format Version 12.00
# Visual Studio 15
VisualStudioVersion = 15.0.28307.106
MinimumVisualStudioVersion = 10.0.40219.1
Project("{FAE04EC0-301F-11D3-BF4B-00C04F79EFBC}") = "Ex08", "Ex08\Ex08.csproj", "{5EB60407-E7D6-4F0A-BE56-D9F733E1098A}"
EndProject
Global
	GlobalSection(SolutionConfigurationPlatforms) = preSolution
		Debug|Any CPU = Debug|Any CPU
		Release|Any CPU = Release|Any CPU
	EndGlobalSection
	GlobalSection(ProjectConfigurationPlatforms) = postSolution
		{5EB60407-E7D6-4F0A-BE56-D9F733E1098A}.Debug|Any CPU.ActiveCfg = Debug|Any CPU
		{5EB60407-E7D6-4F0A-BE56-D9F733E1098A}.Debug|Any CPU.Build.0 = Debug|Any CPU
		{5EB60407-E7D6-4F0A-BE56-D9F733E1098A}.Release|Any CPU.ActiveCfg = Release|Any CPU
		{5EB60407-E7D6-4F0A-BE56-D9F733E1098A}.Release|Any CPU.Build.0 = Release|Any CPU
	EndGlobalSection
	GlobalSection(SolutionProperties) = preSolution
		HideSolutionNode = FALSE
	EndGlobalSection
	GlobalSection(ExtensibilityGlobals) = postSolution
		SolutionGuid = {7C42C9B5-2FBB-4EE3-BB38-B621F560BA9B}
	EndGlobalSection
EndGlobal
