
Microsoft Visual Studio Solution File, Format Version 12.00
# Visual Studio 15
VisualStudioVersion = 15.0.28307.106
MinimumVisualStudioVersion = 10.0.40219.1
Project("{FAE04EC0-301F-11D3-BF4B-00C04F79EFBC}") = "Ex01.03", "Ex01.03\Ex01.03.csproj", "{55DCA1C6-F25C-4E87-A145-D574187BC2B4}"
EndProject
Global
	GlobalSection(SolutionConfigurationPlatforms) = preSolution
		Debug|Any CPU = Debug|Any CPU
		Release|Any CPU = Release|Any CPU
	EndGlobalSection
	GlobalSection(ProjectConfigurationPlatforms) = postSolution
		{55DCA1C6-F25C-4E87-A145-D574187BC2B4}.Debug|Any CPU.ActiveCfg = Debug|Any CPU
		{55DCA1C6-F25C-4E87-A145-D574187BC2B4}.Debug|Any CPU.Build.0 = Debug|Any CPU
		{55DCA1C6-F25C-4E87-A145-D574187BC2B4}.Release|Any CPU.ActiveCfg = Release|Any CPU
		{55DCA1C6-F25C-4E87-A145-D574187BC2B4}.Release|Any CPU.Build.0 = Release|Any CPU
	EndGlobalSection
	GlobalSection(SolutionProperties) = preSolution
		HideSolutionNode = FALSE
	EndGlobalSection
	GlobalSection(ExtensibilityGlobals) = postSolution
		SolutionGuid = {7CD95C25-B563-49FE-9AE3-225645BEE61B}
	EndGlobalSection
EndGlobal
