
Microsoft Visual Studio Solution File, Format Version 12.00
# Visual Studio 15
VisualStudioVersion = 15.0.28307.106
MinimumVisualStudioVersion = 10.0.40219.1
Project("{FAE04EC0-301F-11D3-BF4B-00C04F79EFBC}") = "Ex03.07", "Ex03.07\Ex03.07.csproj", "{2D7B44B1-5BAB-42D7-99A8-F548472831D6}"
EndProject
Global
	GlobalSection(SolutionConfigurationPlatforms) = preSolution
		Debug|Any CPU = Debug|Any CPU
		Release|Any CPU = Release|Any CPU
	EndGlobalSection
	GlobalSection(ProjectConfigurationPlatforms) = postSolution
		{2D7B44B1-5BAB-42D7-99A8-F548472831D6}.Debug|Any CPU.ActiveCfg = Debug|Any CPU
		{2D7B44B1-5BAB-42D7-99A8-F548472831D6}.Debug|Any CPU.Build.0 = Debug|Any CPU
		{2D7B44B1-5BAB-42D7-99A8-F548472831D6}.Release|Any CPU.ActiveCfg = Release|Any CPU
		{2D7B44B1-5BAB-42D7-99A8-F548472831D6}.Release|Any CPU.Build.0 = Release|Any CPU
	EndGlobalSection
	GlobalSection(SolutionProperties) = preSolution
		HideSolutionNode = FALSE
	EndGlobalSection
	GlobalSection(ExtensibilityGlobals) = postSolution
		SolutionGuid = {63C7C5B6-A6B7-4696-AFE0-573B682ABCAD}
	EndGlobalSection
EndGlobal
